
Microsoft Visual Studio Solution File, Format Version 12.00
# Visual Studio Version 17
VisualStudioVersion = 17.3.32929.385
MinimumVisualStudioVersion = 10.0.40219.1
Project("{FAE04EC0-301F-11D3-BF4B-00C04F79EFBC}") = "Cadis_Andreea_Lab2", "Cadis_Andreea_Lab2.csproj", "{9155BCE0-2F47-4272-882C-B171C81EBABE}"
EndProject
Global
	GlobalSection(SolutionConfigurationPlatforms) = preSolution
		Debug|Any CPU = Debug|Any CPU
		Release|Any CPU = Release|Any CPU
	EndGlobalSection
	GlobalSection(ProjectConfigurationPlatforms) = postSolution
		{9155BCE0-2F47-4272-882C-B171C81EBABE}.Debug|Any CPU.ActiveCfg = Debug|Any CPU
		{9155BCE0-2F47-4272-882C-B171C81EBABE}.Debug|Any CPU.Build.0 = Debug|Any CPU
		{9155BCE0-2F47-4272-882C-B171C81EBABE}.Release|Any CPU.ActiveCfg = Release|Any CPU
		{9155BCE0-2F47-4272-882C-B171C81EBABE}.Release|Any CPU.Build.0 = Release|Any CPU
	EndGlobalSection
	GlobalSection(SolutionProperties) = preSolution
		HideSolutionNode = FALSE
	EndGlobalSection
	GlobalSection(ExtensibilityGlobals) = postSolution
		SolutionGuid = {5F6ACA9E-93D8-4E0E-B4CB-BFAAAFCB609B}
	EndGlobalSection
EndGlobal
